// !$*UTF8*$!
{
	archiveVersion = 1;
	classes = {
	};
	objectVersion = 46;
	objects = {

/* Begin PBXBuildFile section */
		8190E13F1ECD3DFC0044BC8C /* AppDelegate.swift in Sources */ = {isa = PBXBuildFile; fileRef = 8190E13E1ECD3DFC0044BC8C /* AppDelegate.swift */; };
		8190E1411ECD3DFC0044BC8C /* ViewController.swift in Sources */ = {isa = PBXBuildFile; fileRef = 8190E1401ECD3DFC0044BC8C /* ViewController.swift */; };
		8190E1441ECD3DFC0044BC8C /* Main.storyboard in Resources */ = {isa = PBXBuildFile; fileRef = 8190E1421ECD3DFC0044BC8C /* Main.storyboard */; };
		8190E1461ECD3DFC0044BC8C /* Assets.xcassets in Resources */ = {isa = PBXBuildFile; fileRef = 8190E1451ECD3DFC0044BC8C /* Assets.xcassets */; };
		8190E1491ECD3DFC0044BC8C /* LaunchScreen.storyboard in Resources */ = {isa = PBXBuildFile; fileRef = 8190E1471ECD3DFC0044BC8C /* LaunchScreen.storyboard */; };
		8190E1511ECD4AF40044BC8C /* ToDoList.swift in Sources */ = {isa = PBXBuildFile; fileRef = 8190E1501ECD4AF40044BC8C /* ToDoList.swift */; };
/* End PBXBuildFile section */

/* Begin PBXFileReference section */
		8190E13B1ECD3DFC0044BC8C /* toDoList.app */ = {isa = PBXFileReference; explicitFileType = wrapper.application; includeInIndex = 0; path = toDoList.app; sourceTree = BUILT_PRODUCTS_DIR; };
		8190E13E1ECD3DFC0044BC8C /* AppDelegate.swift */ = {isa = PBXFileReference; lastKnownFileType = sourcecode.swift; path = AppDelegate.swift; sourceTree = "<group>"; };
		8190E1401ECD3DFC0044BC8C /* ViewController.swift */ = {isa = PBXFileReference; lastKnownFileType = sourcecode.swift; path = ViewController.swift; sourceTree = "<group>"; };
		8190E1431ECD3DFC0044BC8C /* Base */ = {isa = PBXFileReference; lastKnownFileType = file.storyboard; name = Base; path = Base.lproj/Main.storyboard; sourceTree = "<group>"; };
		8190E1451ECD3DFC0044BC8C /* Assets.xcassets */ = {isa = PBXFileReference; lastKnownFileType = folder.assetcatalog; path = Assets.xcassets; sourceTree = "<group>"; };
		8190E1481ECD3DFC0044BC8C /* Base */ = {isa = PBXFileReference; lastKnownFileType = file.storyboard; name = Base; path = Base.lproj/LaunchScreen.storyboard; sourceTree = "<group>"; };
		8190E14A1ECD3DFC0044BC8C /* Info.plist */ = {isa = PBXFileReference; lastKnownFileType = text.plist.xml; path = Info.plist; sourceTree = "<group>"; };
		8190E1501ECD4AF40044BC8C /* ToDoList.swift */ = {isa = PBXFileReference; fileEncoding = 4; lastKnownFileType = sourcecode.swift; path = ToDoList.swift; sourceTree = "<group>"; };
/* End PBXFileReference section */

/* Begin PBXFrameworksBuildPhase section */
		8190E1381ECD3DFC0044BC8C /* Frameworks */ = {
			isa = PBXFrameworksBuildPhase;
			buildActionMask = 2147483647;
			files = (
			);
			runOnlyForDeploymentPostprocessing = 0;
		};
/* End PBXFrameworksBuildPhase section */

/* Begin PBXGroup section */
		8190E1321ECD3DFC0044BC8C = {
			isa = PBXGroup;
			children = (
				8190E1501ECD4AF40044BC8C /* ToDoList.swift */,
				8190E13D1ECD3DFC0044BC8C /* toDoList */,
				8190E13C1ECD3DFC0044BC8C /* Products */,
			);
			sourceTree = "<group>";
		};
		8190E13C1ECD3DFC0044BC8C /* Products */ = {
			isa = PBXGroup;
			children = (
				8190E13B1ECD3DFC0044BC8C /* toDoList.app */,
			);
			name = Products;
			sourceTree = "<group>";
		};
		8190E13D1ECD3DFC0044BC8C /* toDoList */ = {
			isa = PBXGroup;
			children = (
				8190E13E1ECD3DFC0044BC8C /* AppDelegate.swift */,
				8190E1401ECD3DFC0044BC8C /* ViewController.swift */,
				8190E1421ECD3DFC0044BC8C /* Main.storyboard */,
				8190E1451ECD3DFC0044BC8C /* Assets.xcassets */,
				8190E1471ECD3DFC0044BC8C /* LaunchScreen.storyboard */,
				8190E14A1ECD3DFC0044BC8C /* Info.plist */,
			);
			path = toDoList;
			sourceTree = "<group>";
		};
/* End PBXGroup section */

/* Begin PBXNativeTarget section */
		8190E13A1ECD3DFC0044BC8C /* toDoList */ = {
			isa = PBXNativeTarget;
			buildConfigurationList = 8190E14D1ECD3DFC0044BC8C /* Build configuration list for PBXNativeTarget "toDoList" */;
			buildPhases = (
				8190E1371ECD3DFC0044BC8C /* Sources */,
				8190E1381ECD3DFC0044BC8C /* Frameworks */,
				8190E1391ECD3DFC0044BC8C /* Resources */,
			);
			buildRules = (
			);
			dependencies = (
			);
			name = toDoList;
			productName = toDoList;
			productReference = 8190E13B1ECD3DFC0044BC8C /* toDoList.app */;
			productType = "com.apple.product-type.application";
		};
/* End PBXNativeTarget section */

/* Begin PBXProject section */
		8190E1331ECD3DFC0044BC8C /* Project object */ = {
			isa = PBXProject;
			attributes = {
				LastSwiftUpdateCheck = 0830;
				LastUpgradeCheck = 0830;
				ORGANIZATIONNAME = "Sinnig Media";
				TargetAttributes = {
					8190E13A1ECD3DFC0044BC8C = {
						CreatedOnToolsVersion = 8.3.2;
						DevelopmentTeam = 4BC74FZ54Z;
						ProvisioningStyle = Automatic;
					};
				};
			};
			buildConfigurationList = 8190E1361ECD3DFC0044BC8C /* Build configuration list for PBXProject "toDoList" */;
			compatibilityVersion = "Xcode 3.2";
			developmentRegion = English;
			hasScannedForEncodings = 0;
			knownRegions = (
				en,
				Base,
			);
			mainGroup = 8190E1321ECD3DFC0044BC8C;
			productRefGroup = 8190E13C1ECD3DFC0044BC8C /* Products */;
			projectDirPath = "";
			projectRoot = "";
			targets = (
				8190E13A1ECD3DFC0044BC8C /* toDoList */,
			);
		};
/* End PBXProject section */

/* Begin PBXResourcesBuildPhase section */
		8190E1391ECD3DFC0044BC8C /* Resources */ = {
			isa = PBXResourcesBuildPhase;
			buildActionMask = 2147483647;
			files = (
				8190E1491ECD3DFC0044BC8C /* LaunchScreen.storyboard in Resources */,
				8190E1461ECD3DFC0044BC8C /* Assets.xcassets in Resources */,
				8190E1441ECD3DFC0044BC8C /* Main.storyboard in Resources */,
			);
			runOnlyForDeploymentPostprocessing = 0;
		};
/* End PBXResourcesBuildPhase section */

/* Begin PBXSourcesBuildPhase section */
		8190E1371ECD3DFC0044BC8C /* Sources */ = {
			isa = PBXSourcesBuildPhase;
			buildActionMask = 2147483647;
			files = (
				8190E1411ECD3DFC0044BC8C /* ViewController.swift in Sources */,
				8190E1511ECD4AF40044BC8C /* ToDoList.swift in Sources */,
				8190E13F1ECD3DFC0044BC8C /* AppDelegate.swift in Sources */,
			);
			runOnlyForDeploymentPostprocessing = 0;
		};
/* End PBXSourcesBuildPhase section */

/* Begin PBXVariantGroup section */
		8190E1421ECD3DFC0044BC8C /* Main.storyboard */ = {
			isa = PBXVariantGroup;
			children = (
				8190E1431ECD3DFC0044BC8C /* Base */,
			);
			name = Main.storyboard;
			sourceTree = "<group>";
		};
		8190E1471ECD3DFC0044BC8C /* LaunchScreen.storyboard */ = {
			isa = PBXVariantGroup;
			children = (
				8190E1481ECD3DFC0044BC8C /* Base */,
			);
			name = LaunchScreen.storyboard;
			sourceTree = "<group>";
		};
/* End PBXVariantGroup section */

/* Begin XCBuildConfiguration section */
		8190E14B1ECD3DFC0044BC8C /* Debug */ = {
			isa = XCBuildConfiguration;
			buildSettings = {
				ALWAYS_SEARCH_USER_PATHS = NO;
				CLANG_ANALYZER_NONNULL = YES;
				CLANG_ANALYZER_NUMBER_OBJECT_CONVERSION = YES_AGGRESSIVE;
				CLANG_CXX_LANGUAGE_STANDARD = "gnu++0x";
				CLANG_CXX_LIBRARY = "libc++";
				CLANG_ENABLE_MODULES = YES;
				CLANG_ENABLE_OBJC_ARC = YES;
				CLANG_WARN_BOOL_CONVERSION = YES;
				CLANG_WARN_CONSTANT_CONVERSION = YES;
				CLANG_WARN_DIRECT_OBJC_ISA_USAGE = YES_ERROR;
				CLANG_WARN_DOCUMENTATION_COMMENTS = YES;
				CLANG_WARN_EMPTY_BODY = YES;
				CLANG_WARN_ENUM_CONVERSION = YES;
				CLANG_WARN_INFINITE_RECURSION = YES;
				CLANG_WARN_INT_CONVERSION = YES;
				CLANG_WARN_OBJC_ROOT_CLASS = YES_ERROR;
				CLANG_WARN_SUSPICIOUS_MOVE = YES;
				CLANG_WARN_UNREACHABLE_CODE = YES;
				CLANG_WARN__DUPLICATE_METHOD_MATCH = YES;
				"CODE_SIGN_IDENTITY[sdk=iphoneos*]" = "iPhone Developer";
				COPY_PHASE_STRIP = NO;
				DEBUG_INFORMATION_FORMAT = dwarf;
				ENABLE_STRICT_OBJC_MSGSEND = YES;
				ENABLE_TESTABILITY = YES;
				GCC_C_LANGUAGE_STANDARD = gnu99;
				GCC_DYNAMIC_NO_PIC = NO;
				GCC_NO_COMMON_BLOCKS = YES;
				GCC_OPTIMIZATION_LEVEL = 0;
				GCC_PREPROCESSOR_DEFINITIONS = (
					"DEBUG=1",
					"$(inherited)",
				);
				GCC_WARN_64_TO_32_BIT_CONVERSION = YES;
				GCC_WARN_ABOUT_RETURN_TYPE = YES_ERROR;
				GCC_WARN_UNDECLARED_SELECTOR = YES;
				GCC_WARN_UNINITIALIZED_AUTOS = YES_AGGRESSIVE;
				GCC_WARN_UNUSED_FUNCTION = YES;
				GCC_WARN_UNUSED_VARIABLE = YES;
				IPHONEOS_DEPLOYMENT_TARGET = 10.3;
				MTL_ENABLE_DEBUG_INFO = YES;
				ONLY_ACTIVE_ARCH = YES;
				SDKROOT = iphoneos;
				SWIFT_ACTIVE_COMPILATION_CONDITIONS = DEBUG;
				SWIFT_OPTIMIZATION_LEVEL = "-Onone";
				TARGETED_DEVICE_FAMILY = "1,2";
			};
			name = Debug;
		};
		8190E14C1ECD3DFC0044BC8C /* Release */ = {
			isa = XCBuildConfiguration;
			buildSettings = {
				ALWAYS_SEARCH_USER_PATHS = NO;
				CLANG_ANALYZER_NONNULL = YES;
				CLANG_ANALYZER_NUMBER_OBJECT_CONVERSION = YES_AGGRESSIVE;
				CLANG_CXX_LANGUAGE_STANDARD = "gnu++0x";
				CLANG_CXX_LIBRARY = "libc++";
				CLANG_ENABLE_MODULES = YES;
				CLANG_ENABLE_OBJC_ARC = YES;
				CLANG_WARN_BOOL_CONVERSION = YES;
				CLANG_WARN_CONSTANT_CONVERSION = YES;
				CLANG_WARN_DIRECT_OBJC_ISA_USAGE = YES_ERROR;
				CLANG_WARN_DOCUMENTATION_COMMENTS = YES;
				CLANG_WARN_EMPTY_BODY = YES;
				CLANG_WARN_ENUM_CONVERSION = YES;
				CLANG_WARN_INFINITE_RECURSION = YES;
				CLANG_WARN_INT_CONVERSION = YES;
				CLANG_WARN_OBJC_ROOT_CLASS = YES_ERROR;
				CLANG_WARN_SUSPICIOUS_MOVE = YES;
				CLANG_WARN_UNREACHABLE_CODE = YES;
				CLANG_WARN__DUPLICATE_METHOD_MATCH = YES;
				"CODE_SIGN_IDENTITY[sdk=iphoneos*]" = "iPhone Developer";
				COPY_PHASE_STRIP = NO;
				DEBUG_INFORMATION_FORMAT = "dwarf-with-dsym";
				ENABLE_NS_ASSERTIONS = NO;
				ENABLE_STRICT_OBJC_MSGSEND = YES;
				GCC_C_LANGUAGE_STANDARD = gnu99;
				GCC_NO_COMMON_BLOCKS = YES;
				GCC_WARN_64_TO_32_BIT_CONVERSION = YES;
				GCC_WARN_ABOUT_RETURN_TYPE = YES_ERROR;
				GCC_WARN_UNDECLARED_SELECTOR = YES;
				GCC_WARN_UNINITIALIZED_AUTOS = YES_AGGRESSIVE;
				GCC_WARN_UNUSED_FUNCTION = YES;
				GCC_WARN_UNUSED_VARIABLE = YES;
				IPHONEOS_DEPLOYMENT_TARGET = 10.3;
				MTL_ENABLE_DEBUG_INFO = NO;
				SDKROOT = iphoneos;
				SWIFT_OPTIMIZATION_LEVEL = "-Owholemodule";
				TARGETED_DEVICE_FAMILY = "1,2";
				VALIDATE_PRODUCT = YES;
			};
			name = Release;
		};
		8190E14E1ECD3DFC0044BC8C /* Debug */ = {
			isa = XCBuildConfiguration;
			buildSettings = {
				ASSETCATALOG_COMPILER_APPICON_NAME = AppIcon;
				DEVELOPMENT_TEAM = 4BC74FZ54Z;
				INFOPLIST_FILE = toDoList/Info.plist;
				IPHONEOS_DEPLOYMENT_TARGET = 8.0;
				LD_RUNPATH_SEARCH_PATHS = "$(inherited) @executable_path/Frameworks";
				PRODUCT_BUNDLE_IDENTIFIER = com.SinnigMedia.toDoList;
				PRODUCT_NAME = "$(TARGET_NAME)";
				SWIFT_VERSION = 3.0;
			};
			name = Debug;
		};
		8190E14F1ECD3DFC0044BC8C /* Release */ = {
			isa = XCBuildConfiguration;
			buildSettings = {
				ASSETCATALOG_COMPILER_APPICON_NAME = AppIcon;
				DEVELOPMENT_TEAM = 4BC74FZ54Z;
				INFOPLIST_FILE = toDoList/Info.plist;
				IPHONEOS_DEPLOYMENT_TARGET = 8.0;
				LD_RUNPATH_SEARCH_PATHS = "$(inherited) @executable_path/Frameworks";
				PRODUCT_BUNDLE_IDENTIFIER = com.SinnigMedia.toDoList;
				PRODUCT_NAME = "$(TARGET_NAME)";
				SWIFT_VERSION = 3.0;
			};
			name = Release;
		};
/* End XCBuildConfiguration section */

/* Begin XCConfigurationList section */
		8190E1361ECD3DFC0044BC8C /* Build configuration list for PBXProject "toDoList" */ = {
			isa = XCConfigurationList;
			buildConfigurations = (
				8190E14B1ECD3DFC0044BC8C /* Debug */,
				8190E14C1ECD3DFC0044BC8C /* Release */,
			);
			defaultConfigurationIsVisible = 0;
			defaultConfigurationName = Release;
		};
		8190E14D1ECD3DFC0044BC8C /* Build configuration list for PBXNativeTarget "toDoList" */ = {
			isa = XCConfigurationList;
			buildConfigurations = (
				8190E14E1ECD3DFC0044BC8C /* Debug */,
				8190E14F1ECD3DFC0044BC8C /* Release */,
			);
			defaultConfigurationIsVisible = 0;
		};
/* End XCConfigurationList section */
	};
	rootObject = 8190E1331ECD3DFC0044BC8C /* Project object */;
}
